
Microsoft Visual Studio Solution File, Format Version 12.00
# Visual Studio 2015
Project("{FAE04EC0-301F-11D3-BF4B-00C04F79EFBC}") = "Ball1", "Ball1.csproj", "{03C3D8F9-4CF5-8EF1-86A2-D891F9907E36}"
EndProject
Global
	GlobalSection(SolutionConfigurationPlatforms) = preSolution
		Debug|Any CPU = Debug|Any CPU
		Release|Any CPU = Release|Any CPU
	EndGlobalSection
	GlobalSection(ProjectConfigurationPlatforms) = postSolution
		{03C3D8F9-4CF5-8EF1-86A2-D891F9907E36}.Debug|Any CPU.ActiveCfg = Debug|Any CPU
		{03C3D8F9-4CF5-8EF1-86A2-D891F9907E36}.Debug|Any CPU.Build.0 = Debug|Any CPU
		{03C3D8F9-4CF5-8EF1-86A2-D891F9907E36}.Release|Any CPU.ActiveCfg = Release|Any CPU
		{03C3D8F9-4CF5-8EF1-86A2-D891F9907E36}.Release|Any CPU.Build.0 = Release|Any CPU
	EndGlobalSection
	GlobalSection(SolutionProperties) = preSolution
		HideSolutionNode = FALSE
	EndGlobalSection
EndGlobal
